
Microsoft Visual Studio Solution File, Format Version 12.00
# Visual Studio Version 16
VisualStudioVersion = 16.0.31515.178
MinimumVisualStudioVersion = 10.0.40219.1
Project("{FAE04EC0-301F-11D3-BF4B-00C04F79EFBC}") = "Sortings", "Sortings.csproj", "{770F54A2-040D-47B8-B6F7-A6190C177F63}"
EndProject
Global
	GlobalSection(SolutionConfigurationPlatforms) = preSolution
		Debug|Any CPU = Debug|Any CPU
		Release|Any CPU = Release|Any CPU
	EndGlobalSection
	GlobalSection(ProjectConfigurationPlatforms) = postSolution
		{770F54A2-040D-47B8-B6F7-A6190C177F63}.Debug|Any CPU.ActiveCfg = Debug|Any CPU
		{770F54A2-040D-47B8-B6F7-A6190C177F63}.Debug|Any CPU.Build.0 = Debug|Any CPU
		{770F54A2-040D-47B8-B6F7-A6190C177F63}.Release|Any CPU.ActiveCfg = Release|Any CPU
		{770F54A2-040D-47B8-B6F7-A6190C177F63}.Release|Any CPU.Build.0 = Release|Any CPU
	EndGlobalSection
	GlobalSection(SolutionProperties) = preSolution
		HideSolutionNode = FALSE
	EndGlobalSection
	GlobalSection(ExtensibilityGlobals) = postSolution
		SolutionGuid = {CF3FA0BA-D187-4787-9C49-9988E8F88C7C}
	EndGlobalSection
EndGlobal
